{
  "name": "jadeite",
  "version": "0.0.0",
  "dependencies": {
    "jade-runtime": {
      "version": "0.0.2",
      "from": "jade-runtime@latest"
    },
    "jade": {
      "version": "0.28.1",
      "from": "jade@0.28.1",
      "dependencies": {
        "commander": {
          "version": "0.6.1",
          "from": "commander@0.6.1"
        },
        "mkdirp": {
          "version": "0.3.5",
          "from": "mkdirp@0.3.x"
        },
        "coffee-script": {
          "version": "1.4.0",
          "from": "coffee-script@~1.4.0"
        }
      }
    }
  }
}
